{
  "nodes": {
    "crane": {
      "locked": {
        "lastModified": 1755993354,
        "narHash": "sha256-FCRRAzSaL/+umLIm3RU3O/+fJ2ssaPHseI2SSFL8yZU=",
        "owner": "ipetkov",
        "repo": "crane",
        "rev": "25bd41b24426c7734278c2ff02e53258851db914",
        "type": "github"
      },
      "original": {
        "owner": "ipetkov",
        "repo": "crane",
        "type": "github"
      }
    },
    "nixpkgs": {
      "locked": {
        "lastModified": 1761114652,
        "narHash": "sha256-f/QCJM/YhrV/lavyCVz8iU3rlZun6d+dAiC3H+CDle4=",
        "owner": "NixOS",
        "repo": "nixpkgs",
        "rev": "01f116e4df6a15f4ccdffb1bcd41096869fb385c",
        "type": "github"
      },
      "original": {
        "owner": "NixOS",
        "ref": "nixos-unstable",
        "repo": "nixpkgs",
        "type": "github"
      }
    },
    "root": {
      "inputs": {
        "nixpkgs": "nixpkgs",
        "rust-overlay": "rust-overlay",
        "wild-linker-overlay": "wild-linker-overlay"
      }
    },
    "rust-overlay": {
      "inputs": {
        "nixpkgs": [
          "nixpkgs"
        ]
      },
      "locked": {
        "lastModified": 1761186948,
        "narHash": "sha256-mylLEdzqx4M9TrwFIPc+o0dqabHvFGbNJZGRgE43Ya0=",
        "owner": "oxalica",
        "repo": "rust-overlay",
        "rev": "1d1c8a009adeb4c0561bb1feea8ec7b97749946b",
        "type": "github"
      },
      "original": {
        "owner": "oxalica",
        "repo": "rust-overlay",
        "type": "github"
      }
    },
    "wild-linker-overlay": {
      "inputs": {
        "crane": "crane",
        "nixpkgs": [
          "nixpkgs"
        ]
      },
      "locked": {
        "lastModified": 1761077828,
        "narHash": "sha256-lHuLWNuq4rLVSQ0WfdyUnxzsG7wVx7Z5jDkWfpuIr9w=",
        "owner": "davidlattimore",
        "repo": "wild",
        "rev": "802f7984ddcac7df8124b8c8e2b9149f0887f565",
        "type": "github"
      },
      "original": {
        "owner": "davidlattimore",
        "repo": "wild",
        "type": "github"
      }
    }
  },
  "root": "root",
  "version": 7
}
